// !$*UTF8*$!
{
	archiveVersion = 1;
	classes = {
	};
	objectVersion = 46;
	objects = {

/* Begin PBXBuildFile section */
		11F930E01C97D26000BBC580 /* AppDelegate.swift in Sources */ = {isa = PBXBuildFile; fileRef = 11F930DF1C97D26000BBC580 /* AppDelegate.swift */; };
		11F930E21C97D26000BBC580 /* ViewController.swift in Sources */ = {isa = PBXBuildFile; fileRef = 11F930E11C97D26000BBC580 /* ViewController.swift */; };
		11F930E51C97D26000BBC580 /* Main.storyboard in Resources */ = {isa = PBXBuildFile; fileRef = 11F930E31C97D26000BBC580 /* Main.storyboard */; };
		11F930E71C97D26000BBC580 /* Assets.xcassets in Resources */ = {isa = PBXBuildFile; fileRef = 11F930E61C97D26000BBC580 /* Assets.xcassets */; };
		11F930EA1C97D26000BBC580 /* LaunchScreen.storyboard in Resources */ = {isa = PBXBuildFile; fileRef = 11F930E81C97D26000BBC580 /* LaunchScreen.storyboard */; };
		A6B8BE6903CDE8AE2BE6BBAE /* Pods_ReaderSample.framework in Frameworks */ = {isa = PBXBuildFile; fileRef = 3CB9B4F813D9F2A7A75B3F89 /* Pods_ReaderSample.framework */; };
/* End PBXBuildFile section */

/* Begin PBXFileReference section */
		11C093F5F4AD601F8B8430B0 /* Pods-ReaderSample.release.xcconfig */ = {isa = PBXFileReference; includeInIndex = 1; lastKnownFileType = text.xcconfig; name = "Pods-ReaderSample.release.xcconfig"; path = "Pods/Target Support Files/Pods-ReaderSample/Pods-ReaderSample.release.xcconfig"; sourceTree = "<group>"; };
		11F930DC1C97D26000BBC580 /* ReaderSample.app */ = {isa = PBXFileReference; explicitFileType = wrapper.application; includeInIndex = 0; path = ReaderSample.app; sourceTree = BUILT_PRODUCTS_DIR; };
		11F930DF1C97D26000BBC580 /* AppDelegate.swift */ = {isa = PBXFileReference; lastKnownFileType = sourcecode.swift; path = AppDelegate.swift; sourceTree = "<group>"; };
		11F930E11C97D26000BBC580 /* ViewController.swift */ = {isa = PBXFileReference; lastKnownFileType = sourcecode.swift; path = ViewController.swift; sourceTree = "<group>"; };
		11F930E41C97D26000BBC580 /* Base */ = {isa = PBXFileReference; lastKnownFileType = file.storyboard; name = Base; path = Base.lproj/Main.storyboard; sourceTree = "<group>"; };
		11F930E61C97D26000BBC580 /* Assets.xcassets */ = {isa = PBXFileReference; lastKnownFileType = folder.assetcatalog; path = Assets.xcassets; sourceTree = "<group>"; };
		11F930E91C97D26000BBC580 /* Base */ = {isa = PBXFileReference; lastKnownFileType = file.storyboard; name = Base; path = Base.lproj/LaunchScreen.storyboard; sourceTree = "<group>"; };
		11F930EB1C97D26000BBC580 /* Info.plist */ = {isa = PBXFileReference; lastKnownFileType = text.plist.xml; path = Info.plist; sourceTree = "<group>"; };
		3CB9B4F813D9F2A7A75B3F89 /* Pods_ReaderSample.framework */ = {isa = PBXFileReference; explicitFileType = wrapper.framework; includeInIndex = 0; path = Pods_ReaderSample.framework; sourceTree = BUILT_PRODUCTS_DIR; };
		61E26200142AC0583FABE2F4 /* Pods-ReaderSample.debug.xcconfig */ = {isa = PBXFileReference; includeInIndex = 1; lastKnownFileType = text.xcconfig; name = "Pods-ReaderSample.debug.xcconfig"; path = "Pods/Target Support Files/Pods-ReaderSample/Pods-ReaderSample.debug.xcconfig"; sourceTree = "<group>"; };
/* End PBXFileReference section */

/* Begin PBXFrameworksBuildPhase section */
		11F930D91C97D26000BBC580 /* Frameworks */ = {
			isa = PBXFrameworksBuildPhase;
			buildActionMask = 2147483647;
			files = (
				A6B8BE6903CDE8AE2BE6BBAE /* Pods_ReaderSample.framework in Frameworks */,
			);
			runOnlyForDeploymentPostprocessing = 0;
		};
/* End PBXFrameworksBuildPhase section */

/* Begin PBXGroup section */
		11F930D31C97D26000BBC580 = {
			isa = PBXGroup;
			children = (
				11F930DE1C97D26000BBC580 /* ReaderSample */,
				11F930DD1C97D26000BBC580 /* Products */,
				12A87CFF07AFF2E96CECA1C3 /* Pods */,
				14B6C47E1DDDEA928FB82731 /* Frameworks */,
			);
			sourceTree = "<group>";
		};
		11F930DD1C97D26000BBC580 /* Products */ = {
			isa = PBXGroup;
			children = (
				11F930DC1C97D26000BBC580 /* ReaderSample.app */,
			);
			name = Products;
			sourceTree = "<group>";
		};
		11F930DE1C97D26000BBC580 /* ReaderSample */ = {
			isa = PBXGroup;
			children = (
				11F930DF1C97D26000BBC580 /* AppDelegate.swift */,
				11F930E11C97D26000BBC580 /* ViewController.swift */,
				11F930E31C97D26000BBC580 /* Main.storyboard */,
				11F930E61C97D26000BBC580 /* Assets.xcassets */,
				11F930E81C97D26000BBC580 /* LaunchScreen.storyboard */,
				11F930EB1C97D26000BBC580 /* Info.plist */,
			);
			path = ReaderSample;
			sourceTree = "<group>";
		};
		12A87CFF07AFF2E96CECA1C3 /* Pods */ = {
			isa = PBXGroup;
			children = (
				61E26200142AC0583FABE2F4 /* Pods-ReaderSample.debug.xcconfig */,
				11C093F5F4AD601F8B8430B0 /* Pods-ReaderSample.release.xcconfig */,
			);
			name = Pods;
			sourceTree = "<group>";
		};
		14B6C47E1DDDEA928FB82731 /* Frameworks */ = {
			isa = PBXGroup;
			children = (
				3CB9B4F813D9F2A7A75B3F89 /* Pods_ReaderSample.framework */,
			);
			name = Frameworks;
			sourceTree = "<group>";
		};
/* End PBXGroup section */

/* Begin PBXNativeTarget section */
		11F930DB1C97D26000BBC580 /* ReaderSample */ = {
			isa = PBXNativeTarget;
			buildConfigurationList = 11F930EE1C97D26000BBC580 /* Build configuration list for PBXNativeTarget "ReaderSample" */;
			buildPhases = (
				FA6EBE324914210A0A76FEF3 /* Check Pods Manifest.lock */,
				11F930D81C97D26000BBC580 /* Sources */,
				11F930D91C97D26000BBC580 /* Frameworks */,
				11F930DA1C97D26000BBC580 /* Resources */,
				18DDB540765ABF5A6AA675F0 /* Embed Pods Frameworks */,
				E3F1595000FC7D3362BEE30C /* Copy Pods Resources */,
			);
			buildRules = (
			);
			dependencies = (
			);
			name = ReaderSample;
			productName = ReaderSample;
			productReference = 11F930DC1C97D26000BBC580 /* ReaderSample.app */;
			productType = "com.apple.product-type.application";
		};
/* End PBXNativeTarget section */

/* Begin PBXProject section */
		11F930D41C97D26000BBC580 /* Project object */ = {
			isa = PBXProject;
			attributes = {
				LastSwiftUpdateCheck = 0720;
				LastUpgradeCheck = 0720;
				ORGANIZATIONNAME = wangco;
				TargetAttributes = {
					11F930DB1C97D26000BBC580 = {
						CreatedOnToolsVersion = 7.2;
					};
				};
			};
			buildConfigurationList = 11F930D71C97D26000BBC580 /* Build configuration list for PBXProject "ReaderSample" */;
			compatibilityVersion = "Xcode 3.2";
			developmentRegion = English;
			hasScannedForEncodings = 0;
			knownRegions = (
				en,
				Base,
			);
			mainGroup = 11F930D31C97D26000BBC580;
			productRefGroup = 11F930DD1C97D26000BBC580 /* Products */;
			projectDirPath = "";
			projectRoot = "";
			targets = (
				11F930DB1C97D26000BBC580 /* ReaderSample */,
			);
		};
/* End PBXProject section */

/* Begin PBXResourcesBuildPhase section */
		11F930DA1C97D26000BBC580 /* Resources */ = {
			isa = PBXResourcesBuildPhase;
			buildActionMask = 2147483647;
			files = (
				11F930EA1C97D26000BBC580 /* LaunchScreen.storyboard in Resources */,
				11F930E71C97D26000BBC580 /* Assets.xcassets in Resources */,
				11F930E51C97D26000BBC580 /* Main.storyboard in Resources */,
			);
			runOnlyForDeploymentPostprocessing = 0;
		};
/* End PBXResourcesBuildPhase section */

/* Begin PBXShellScriptBuildPhase section */
		18DDB540765ABF5A6AA675F0 /* Embed Pods Frameworks */ = {
			isa = PBXShellScriptBuildPhase;
			buildActionMask = 2147483647;
			files = (
			);
			inputPaths = (
			);
			name = "Embed Pods Frameworks";
			outputPaths = (
			);
			runOnlyForDeploymentPostprocessing = 0;
			shellPath = /bin/sh;
			shellScript = "\"${SRCROOT}/Pods/Target Support Files/Pods-ReaderSample/Pods-ReaderSample-frameworks.sh\"\n";
			showEnvVarsInLog = 0;
		};
		E3F1595000FC7D3362BEE30C /* Copy Pods Resources */ = {
			isa = PBXShellScriptBuildPhase;
			buildActionMask = 2147483647;
			files = (
			);
			inputPaths = (
			);
			name = "Copy Pods Resources";
			outputPaths = (
			);
			runOnlyForDeploymentPostprocessing = 0;
			shellPath = /bin/sh;
			shellScript = "\"${SRCROOT}/Pods/Target Support Files/Pods-ReaderSample/Pods-ReaderSample-resources.sh\"\n";
			showEnvVarsInLog = 0;
		};
		FA6EBE324914210A0A76FEF3 /* Check Pods Manifest.lock */ = {
			isa = PBXShellScriptBuildPhase;
			buildActionMask = 2147483647;
			files = (
			);
			inputPaths = (
			);
			name = "Check Pods Manifest.lock";
			outputPaths = (
			);
			runOnlyForDeploymentPostprocessing = 0;
			shellPath = /bin/sh;
			shellScript = "diff \"${PODS_ROOT}/../Podfile.lock\" \"${PODS_ROOT}/Manifest.lock\" > /dev/null\nif [[ $? != 0 ]] ; then\n    cat << EOM\nerror: The sandbox is not in sync with the Podfile.lock. Run 'pod install' or update your CocoaPods installation.\nEOM\n    exit 1\nfi\n";
			showEnvVarsInLog = 0;
		};
/* End PBXShellScriptBuildPhase section */

/* Begin PBXSourcesBuildPhase section */
		11F930D81C97D26000BBC580 /* Sources */ = {
			isa = PBXSourcesBuildPhase;
			buildActionMask = 2147483647;
			files = (
				11F930E21C97D26000BBC580 /* ViewController.swift in Sources */,
				11F930E01C97D26000BBC580 /* AppDelegate.swift in Sources */,
			);
			runOnlyForDeploymentPostprocessing = 0;
		};
/* End PBXSourcesBuildPhase section */

/* Begin PBXVariantGroup section */
		11F930E31C97D26000BBC580 /* Main.storyboard */ = {
			isa = PBXVariantGroup;
			children = (
				11F930E41C97D26000BBC580 /* Base */,
			);
			name = Main.storyboard;
			sourceTree = "<group>";
		};
		11F930E81C97D26000BBC580 /* LaunchScreen.storyboard */ = {
			isa = PBXVariantGroup;
			children = (
				11F930E91C97D26000BBC580 /* Base */,
			);
			name = LaunchScreen.storyboard;
			sourceTree = "<group>";
		};
/* End PBXVariantGroup section */

/* Begin XCBuildConfiguration section */
		11F930EC1C97D26000BBC580 /* Debug */ = {
			isa = XCBuildConfiguration;
			buildSettings = {
				ALWAYS_SEARCH_USER_PATHS = NO;
				CLANG_CXX_LANGUAGE_STANDARD = "gnu++0x";
				CLANG_CXX_LIBRARY = "libc++";
				CLANG_ENABLE_MODULES = YES;
				CLANG_ENABLE_OBJC_ARC = YES;
				CLANG_WARN_BOOL_CONVERSION = YES;
				CLANG_WARN_CONSTANT_CONVERSION = YES;
				CLANG_WARN_DIRECT_OBJC_ISA_USAGE = YES_ERROR;
				CLANG_WARN_EMPTY_BODY = YES;
				CLANG_WARN_ENUM_CONVERSION = YES;
				CLANG_WARN_INT_CONVERSION = YES;
				CLANG_WARN_OBJC_ROOT_CLASS = YES_ERROR;
				CLANG_WARN_UNREACHABLE_CODE = YES;
				CLANG_WARN__DUPLICATE_METHOD_MATCH = YES;
				"CODE_SIGN_IDENTITY[sdk=iphoneos*]" = "iPhone Developer";
				COPY_PHASE_STRIP = NO;
				DEBUG_INFORMATION_FORMAT = dwarf;
				ENABLE_STRICT_OBJC_MSGSEND = YES;
				ENABLE_TESTABILITY = YES;
				GCC_C_LANGUAGE_STANDARD = gnu99;
				GCC_DYNAMIC_NO_PIC = NO;
				GCC_NO_COMMON_BLOCKS = YES;
				GCC_OPTIMIZATION_LEVEL = 0;
				GCC_PREPROCESSOR_DEFINITIONS = (
					"DEBUG=1",
					"$(inherited)",
				);
				GCC_WARN_64_TO_32_BIT_CONVERSION = YES;
				GCC_WARN_ABOUT_RETURN_TYPE = YES_ERROR;
				GCC_WARN_UNDECLARED_SELECTOR = YES;
				GCC_WARN_UNINITIALIZED_AUTOS = YES_AGGRESSIVE;
				GCC_WARN_UNUSED_FUNCTION = YES;
				GCC_WARN_UNUSED_VARIABLE = YES;
				IPHONEOS_DEPLOYMENT_TARGET = 9.2;
				MTL_ENABLE_DEBUG_INFO = YES;
				ONLY_ACTIVE_ARCH = YES;
				SDKROOT = iphoneos;
				SWIFT_OPTIMIZATION_LEVEL = "-Onone";
			};
			name = Debug;
		};
		11F930ED1C97D26000BBC580 /* Release */ = {
			isa = XCBuildConfiguration;
			buildSettings = {
				ALWAYS_SEARCH_USER_PATHS = NO;
				CLANG_CXX_LANGUAGE_STANDARD = "gnu++0x";
				CLANG_CXX_LIBRARY = "libc++";
				CLANG_ENABLE_MODULES = YES;
				CLANG_ENABLE_OBJC_ARC = YES;
				CLANG_WARN_BOOL_CONVERSION = YES;
				CLANG_WARN_CONSTANT_CONVERSION = YES;
				CLANG_WARN_DIRECT_OBJC_ISA_USAGE = YES_ERROR;
				CLANG_WARN_EMPTY_BODY = YES;
				CLANG_WARN_ENUM_CONVERSION = YES;
				CLANG_WARN_INT_CONVERSION = YES;
				CLANG_WARN_OBJC_ROOT_CLASS = YES_ERROR;
				CLANG_WARN_UNREACHABLE_CODE = YES;
				CLANG_WARN__DUPLICATE_METHOD_MATCH = YES;
				"CODE_SIGN_IDENTITY[sdk=iphoneos*]" = "iPhone Developer";
				COPY_PHASE_STRIP = NO;
				DEBUG_INFORMATION_FORMAT = "dwarf-with-dsym";
				ENABLE_NS_ASSERTIONS = NO;
				ENABLE_STRICT_OBJC_MSGSEND = YES;
				GCC_C_LANGUAGE_STANDARD = gnu99;
				GCC_NO_COMMON_BLOCKS = YES;
				GCC_WARN_64_TO_32_BIT_CONVERSION = YES;
				GCC_WARN_ABOUT_RETURN_TYPE = YES_ERROR;
				GCC_WARN_UNDECLARED_SELECTOR = YES;
				GCC_WARN_UNINITIALIZED_AUTOS = YES_AGGRESSIVE;
				GCC_WARN_UNUSED_FUNCTION = YES;
				GCC_WARN_UNUSED_VARIABLE = YES;
				IPHONEOS_DEPLOYMENT_TARGET = 9.2;
				MTL_ENABLE_DEBUG_INFO = NO;
				SDKROOT = iphoneos;
				VALIDATE_PRODUCT = YES;
			};
			name = Release;
		};
		11F930EF1C97D26000BBC580 /* Debug */ = {
			isa = XCBuildConfiguration;
			baseConfigurationReference = 61E26200142AC0583FABE2F4 /* Pods-ReaderSample.debug.xcconfig */;
			buildSettings = {
				ASSETCATALOG_COMPILER_APPICON_NAME = AppIcon;
				INFOPLIST_FILE = ReaderSample/Info.plist;
				LD_RUNPATH_SEARCH_PATHS = "$(inherited) @executable_path/Frameworks";
				PRODUCT_BUNDLE_IDENTIFIER = com.wangco.ReaderSample;
				PRODUCT_NAME = "$(TARGET_NAME)";
			};
			name = Debug;
		};
		11F930F01C97D26000BBC580 /* Release */ = {
			isa = XCBuildConfiguration;
			baseConfigurationReference = 11C093F5F4AD601F8B8430B0 /* Pods-ReaderSample.release.xcconfig */;
			buildSettings = {
				ASSETCATALOG_COMPILER_APPICON_NAME = AppIcon;
				INFOPLIST_FILE = ReaderSample/Info.plist;
				LD_RUNPATH_SEARCH_PATHS = "$(inherited) @executable_path/Frameworks";
				PRODUCT_BUNDLE_IDENTIFIER = com.wangco.ReaderSample;
				PRODUCT_NAME = "$(TARGET_NAME)";
			};
			name = Release;
		};
/* End XCBuildConfiguration section */

/* Begin XCConfigurationList section */
		11F930D71C97D26000BBC580 /* Build configuration list for PBXProject "ReaderSample" */ = {
			isa = XCConfigurationList;
			buildConfigurations = (
				11F930EC1C97D26000BBC580 /* Debug */,
				11F930ED1C97D26000BBC580 /* Release */,
			);
			defaultConfigurationIsVisible = 0;
			defaultConfigurationName = Release;
		};
		11F930EE1C97D26000BBC580 /* Build configuration list for PBXNativeTarget "ReaderSample" */ = {
			isa = XCConfigurationList;
			buildConfigurations = (
				11F930EF1C97D26000BBC580 /* Debug */,
				11F930F01C97D26000BBC580 /* Release */,
			);
			defaultConfigurationIsVisible = 0;
			defaultConfigurationName = Release;
		};
/* End XCConfigurationList section */
	};
	rootObject = 11F930D41C97D26000BBC580 /* Project object */;
}
